
Microsoft Visual Studio Solution File, Format Version 12.00
# Visual Studio 2012
Project("{FAE04EC0-301F-11D3-BF4B-00C04F79EFBC}") = "FFXIVTeleGather", "FFXIVTeleGather\FFXIVTeleGather.csproj", "{602A897E-F761-4F29-9711-FC85C12B5CE4}"
EndProject
Global
	GlobalSection(SolutionConfigurationPlatforms) = preSolution
		Debug|Any CPU = Debug|Any CPU
		Release|Any CPU = Release|Any CPU
	EndGlobalSection
	GlobalSection(ProjectConfigurationPlatforms) = postSolution
		{602A897E-F761-4F29-9711-FC85C12B5CE4}.Debug|Any CPU.ActiveCfg = Debug|Any CPU
		{602A897E-F761-4F29-9711-FC85C12B5CE4}.Debug|Any CPU.Build.0 = Debug|Any CPU
		{602A897E-F761-4F29-9711-FC85C12B5CE4}.Release|Any CPU.ActiveCfg = Release|Any CPU
		{602A897E-F761-4F29-9711-FC85C12B5CE4}.Release|Any CPU.Build.0 = Release|Any CPU
	EndGlobalSection
	GlobalSection(SolutionProperties) = preSolution
		HideSolutionNode = FALSE
	EndGlobalSection
EndGlobal
